// !$*UTF8*$!
{
	archiveVersion = 1;
	classes = {
	};
	objectVersion = 50;
	objects = {

/* Begin PBXBuildFile section */
		1D22999426C719AE003A7FC4 /* SelectionCollectionView.swift in Sources */ = {isa = PBXBuildFile; fileRef = 1D22999326C719AE003A7FC4 /* SelectionCollectionView.swift */; };
		1D22999826C71A75003A7FC4 /* SelectionCell.swift in Sources */ = {isa = PBXBuildFile; fileRef = 1D22999626C71A75003A7FC4 /* SelectionCell.swift */; };
		1D22999926C71A75003A7FC4 /* SelectionCell.xib in Resources */ = {isa = PBXBuildFile; fileRef = 1D22999726C71A75003A7FC4 /* SelectionCell.xib */; };
		1D38BBF82707E29500580723 /* ActivityIndicatorVC.swift in Sources */ = {isa = PBXBuildFile; fileRef = 1D38BBF62707E29500580723 /* ActivityIndicatorVC.swift */; };
		1D38BBF92707E29500580723 /* ActivityIndicatorVC.xib in Resources */ = {isa = PBXBuildFile; fileRef = 1D38BBF72707E29500580723 /* ActivityIndicatorVC.xib */; };
		1D38BBFB2707E5D600580723 /* ActivityIndicatorStylePickerView.swift in Sources */ = {isa = PBXBuildFile; fileRef = 1D38BBFA2707E5D600580723 /* ActivityIndicatorStylePickerView.swift */; };
		1D4440EB26C3927000CFDB21 /* AppDelegate.swift in Sources */ = {isa = PBXBuildFile; fileRef = 1D4440EA26C3927000CFDB21 /* AppDelegate.swift */; };
		1D4440F426C3927100CFDB21 /* Assets.xcassets in Resources */ = {isa = PBXBuildFile; fileRef = 1D4440F326C3927100CFDB21 /* Assets.xcassets */; };
		1D4440F726C3927100CFDB21 /* LaunchScreen.storyboard in Resources */ = {isa = PBXBuildFile; fileRef = 1D4440F526C3927100CFDB21 /* LaunchScreen.storyboard */; };
		1D44410726C399F100CFDB21 /* HomeVC.swift in Sources */ = {isa = PBXBuildFile; fileRef = 1D44410526C399F100CFDB21 /* HomeVC.swift */; };
		1D44410826C399F100CFDB21 /* HomeVC.xib in Resources */ = {isa = PBXBuildFile; fileRef = 1D44410626C399F100CFDB21 /* HomeVC.xib */; };
		1D44410B26C39AAA00CFDB21 /* Constants.swift in Sources */ = {isa = PBXBuildFile; fileRef = 1D44410A26C39AAA00CFDB21 /* Constants.swift */; };
		1D44410F26C39DE800CFDB21 /* MenuTableView.swift in Sources */ = {isa = PBXBuildFile; fileRef = 1D44410E26C39DE800CFDB21 /* MenuTableView.swift */; };
		1D44411226C39E6400CFDB21 /* MenuViewModel.swift in Sources */ = {isa = PBXBuildFile; fileRef = 1D44411126C39E6400CFDB21 /* MenuViewModel.swift */; };
		1D44411626C39FC900CFDB21 /* MenuCell.swift in Sources */ = {isa = PBXBuildFile; fileRef = 1D44411426C39FC900CFDB21 /* MenuCell.swift */; };
		1D44411726C39FC900CFDB21 /* MenuCell.xib in Resources */ = {isa = PBXBuildFile; fileRef = 1D44411526C39FC900CFDB21 /* MenuCell.xib */; };
		1D44411B26C3A61C00CFDB21 /* SplashScreenVC.swift in Sources */ = {isa = PBXBuildFile; fileRef = 1D44411926C3A61C00CFDB21 /* SplashScreenVC.swift */; };
		1D44411C26C3A61C00CFDB21 /* SplashScreenVC.xib in Resources */ = {isa = PBXBuildFile; fileRef = 1D44411A26C3A61C00CFDB21 /* SplashScreenVC.xib */; };
		1D44412026C3A6E300CFDB21 /* LabelVC.swift in Sources */ = {isa = PBXBuildFile; fileRef = 1D44411E26C3A6E300CFDB21 /* LabelVC.swift */; };
		1D44412126C3A6E300CFDB21 /* LabelVC.xib in Resources */ = {isa = PBXBuildFile; fileRef = 1D44411F26C3A6E300CFDB21 /* LabelVC.xib */; };
		1D60F4DF26C6647F00644F65 /* TextFieldVC.swift in Sources */ = {isa = PBXBuildFile; fileRef = 1D60F4DD26C6647F00644F65 /* TextFieldVC.swift */; };
		1D60F4E026C6647F00644F65 /* TextFieldVC.xib in Resources */ = {isa = PBXBuildFile; fileRef = 1D60F4DE26C6647F00644F65 /* TextFieldVC.xib */; };
		1D62B53626C653EF00D8041D /* DiagonalView.swift in Sources */ = {isa = PBXBuildFile; fileRef = 1D62B53526C653EF00D8041D /* DiagonalView.swift */; };
		1D6A5F8826C4DFCD00617EAD /* FontNamesPickerView.swift in Sources */ = {isa = PBXBuildFile; fileRef = 1D6A5F8726C4DFCD00617EAD /* FontNamesPickerView.swift */; };
		1D93642626C86AA40081C9CF /* SliderVC.swift in Sources */ = {isa = PBXBuildFile; fileRef = 1D93642426C86AA40081C9CF /* SliderVC.swift */; };
		1D93642726C86AA40081C9CF /* SliderVC.xib in Resources */ = {isa = PBXBuildFile; fileRef = 1D93642526C86AA40081C9CF /* SliderVC.xib */; };
		1DAB680F26C3B21800DBA66A /* ColorsCollectionView.swift in Sources */ = {isa = PBXBuildFile; fileRef = 1DAB680E26C3B21800DBA66A /* ColorsCollectionView.swift */; };
		1DAB681326C3B2B500DBA66A /* ColorCell.swift in Sources */ = {isa = PBXBuildFile; fileRef = 1DAB681126C3B2B500DBA66A /* ColorCell.swift */; };
		1DAB681426C3B2B500DBA66A /* ColorCell.xib in Resources */ = {isa = PBXBuildFile; fileRef = 1DAB681226C3B2B500DBA66A /* ColorCell.xib */; };
		1DAFA18C26C743B9008B6CB9 /* ButtonVC.swift in Sources */ = {isa = PBXBuildFile; fileRef = 1DAFA18A26C743B9008B6CB9 /* ButtonVC.swift */; };
		1DAFA18D26C743B9008B6CB9 /* ButtonVC.xib in Resources */ = {isa = PBXBuildFile; fileRef = 1DAFA18B26C743B9008B6CB9 /* ButtonVC.xib */; };
		1DAFA19126C79DE6008B6CB9 /* IconImageCell.swift in Sources */ = {isa = PBXBuildFile; fileRef = 1DAFA18F26C79DE6008B6CB9 /* IconImageCell.swift */; };
		1DAFA19226C79DE6008B6CB9 /* IconImageCell.xib in Resources */ = {isa = PBXBuildFile; fileRef = 1DAFA19026C79DE6008B6CB9 /* IconImageCell.xib */; };
		1DDF929826C85110008F7C96 /* IconImagePickerView.swift in Sources */ = {isa = PBXBuildFile; fileRef = 1DDF929726C85110008F7C96 /* IconImagePickerView.swift */; };
		1DDFD31226C8FA5600E90F28 /* SwitchVC.swift in Sources */ = {isa = PBXBuildFile; fileRef = 1DDFD31026C8FA5600E90F28 /* SwitchVC.swift */; };
		1DDFD31326C8FA5600E90F28 /* SwitchVC.xib in Resources */ = {isa = PBXBuildFile; fileRef = 1DDFD31126C8FA5600E90F28 /* SwitchVC.xib */; };
		43C0490922B74A9A890C9422 /* Pods_testnative.framework in Frameworks */ = {isa = PBXBuildFile; fileRef = 6AE22044DF50D7CAD3A50752 /* Pods_testnative.framework */; };
/* End PBXBuildFile section */

/* Begin PBXFileReference section */
		116DDA4FA49A3676302631D9 /* Pods-testnative.debug.xcconfig */ = {isa = PBXFileReference; includeInIndex = 1; lastKnownFileType = text.xcconfig; name = "Pods-testnative.debug.xcconfig"; path = "Target Support Files/Pods-testnative/Pods-testnative.debug.xcconfig"; sourceTree = "<group>"; };
		1D22999326C719AE003A7FC4 /* SelectionCollectionView.swift */ = {isa = PBXFileReference; lastKnownFileType = sourcecode.swift; path = SelectionCollectionView.swift; sourceTree = "<group>"; };
		1D22999626C71A75003A7FC4 /* SelectionCell.swift */ = {isa = PBXFileReference; lastKnownFileType = sourcecode.swift; path = SelectionCell.swift; sourceTree = "<group>"; };
		1D22999726C71A75003A7FC4 /* SelectionCell.xib */ = {isa = PBXFileReference; lastKnownFileType = file.xib; path = SelectionCell.xib; sourceTree = "<group>"; };
		1D38BBF62707E29500580723 /* ActivityIndicatorVC.swift */ = {isa = PBXFileReference; lastKnownFileType = sourcecode.swift; path = ActivityIndicatorVC.swift; sourceTree = "<group>"; };
		1D38BBF72707E29500580723 /* ActivityIndicatorVC.xib */ = {isa = PBXFileReference; lastKnownFileType = file.xib; path = ActivityIndicatorVC.xib; sourceTree = "<group>"; };
		1D38BBFA2707E5D600580723 /* ActivityIndicatorStylePickerView.swift */ = {isa = PBXFileReference; lastKnownFileType = sourcecode.swift; path = ActivityIndicatorStylePickerView.swift; sourceTree = "<group>"; };
		1D4440E726C3927000CFDB21 /* testnative.app */ = {isa = PBXFileReference; explicitFileType = wrapper.application; includeInIndex = 0; path = testnative.app; sourceTree = BUILT_PRODUCTS_DIR; };
		1D4440EA26C3927000CFDB21 /* AppDelegate.swift */ = {isa = PBXFileReference; lastKnownFileType = sourcecode.swift; path = AppDelegate.swift; sourceTree = "<group>"; };
		1D4440F326C3927100CFDB21 /* Assets.xcassets */ = {isa = PBXFileReference; lastKnownFileType = folder.assetcatalog; path = Assets.xcassets; sourceTree = "<group>"; };
		1D4440F626C3927100CFDB21 /* Base */ = {isa = PBXFileReference; lastKnownFileType = file.storyboard; name = Base; path = Base.lproj/LaunchScreen.storyboard; sourceTree = "<group>"; };
		1D4440F826C3927100CFDB21 /* Info.plist */ = {isa = PBXFileReference; lastKnownFileType = text.plist.xml; path = Info.plist; sourceTree = "<group>"; };
		1D44410526C399F100CFDB21 /* HomeVC.swift */ = {isa = PBXFileReference; lastKnownFileType = sourcecode.swift; path = HomeVC.swift; sourceTree = "<group>"; };
		1D44410626C399F100CFDB21 /* HomeVC.xib */ = {isa = PBXFileReference; lastKnownFileType = file.xib; path = HomeVC.xib; sourceTree = "<group>"; };
		1D44410A26C39AAA00CFDB21 /* Constants.swift */ = {isa = PBXFileReference; lastKnownFileType = sourcecode.swift; path = Constants.swift; sourceTree = "<group>"; };
		1D44410E26C39DE800CFDB21 /* MenuTableView.swift */ = {isa = PBXFileReference; lastKnownFileType = sourcecode.swift; path = MenuTableView.swift; sourceTree = "<group>"; };
		1D44411126C39E6400CFDB21 /* MenuViewModel.swift */ = {isa = PBXFileReference; lastKnownFileType = sourcecode.swift; path = MenuViewModel.swift; sourceTree = "<group>"; };
		1D44411426C39FC900CFDB21 /* MenuCell.swift */ = {isa = PBXFileReference; lastKnownFileType = sourcecode.swift; path = MenuCell.swift; sourceTree = "<group>"; };
		1D44411526C39FC900CFDB21 /* MenuCell.xib */ = {isa = PBXFileReference; lastKnownFileType = file.xib; path = MenuCell.xib; sourceTree = "<group>"; };
		1D44411926C3A61C00CFDB21 /* SplashScreenVC.swift */ = {isa = PBXFileReference; lastKnownFileType = sourcecode.swift; path = SplashScreenVC.swift; sourceTree = "<group>"; };
		1D44411A26C3A61C00CFDB21 /* SplashScreenVC.xib */ = {isa = PBXFileReference; lastKnownFileType = file.xib; path = SplashScreenVC.xib; sourceTree = "<group>"; };
		1D44411E26C3A6E300CFDB21 /* LabelVC.swift */ = {isa = PBXFileReference; lastKnownFileType = sourcecode.swift; path = LabelVC.swift; sourceTree = "<group>"; };
		1D44411F26C3A6E300CFDB21 /* LabelVC.xib */ = {isa = PBXFileReference; lastKnownFileType = file.xib; path = LabelVC.xib; sourceTree = "<group>"; };
		1D60F4DD26C6647F00644F65 /* TextFieldVC.swift */ = {isa = PBXFileReference; lastKnownFileType = sourcecode.swift; path = TextFieldVC.swift; sourceTree = "<group>"; };
		1D60F4DE26C6647F00644F65 /* TextFieldVC.xib */ = {isa = PBXFileReference; lastKnownFileType = file.xib; path = TextFieldVC.xib; sourceTree = "<group>"; };
		1D62B53526C653EF00D8041D /* DiagonalView.swift */ = {isa = PBXFileReference; lastKnownFileType = sourcecode.swift; path = DiagonalView.swift; sourceTree = "<group>"; };
		1D6A5F8726C4DFCD00617EAD /* FontNamesPickerView.swift */ = {isa = PBXFileReference; lastKnownFileType = sourcecode.swift; path = FontNamesPickerView.swift; sourceTree = "<group>"; };
		1D93642426C86AA40081C9CF /* SliderVC.swift */ = {isa = PBXFileReference; lastKnownFileType = sourcecode.swift; path = SliderVC.swift; sourceTree = "<group>"; };
		1D93642526C86AA40081C9CF /* SliderVC.xib */ = {isa = PBXFileReference; lastKnownFileType = file.xib; path = SliderVC.xib; sourceTree = "<group>"; };
		1DAB680E26C3B21800DBA66A /* ColorsCollectionView.swift */ = {isa = PBXFileReference; lastKnownFileType = sourcecode.swift; path = ColorsCollectionView.swift; sourceTree = "<group>"; };
		1DAB681126C3B2B500DBA66A /* ColorCell.swift */ = {isa = PBXFileReference; lastKnownFileType = sourcecode.swift; path = ColorCell.swift; sourceTree = "<group>"; };
		1DAB681226C3B2B500DBA66A /* ColorCell.xib */ = {isa = PBXFileReference; lastKnownFileType = file.xib; path = ColorCell.xib; sourceTree = "<group>"; };
		1DAFA18A26C743B9008B6CB9 /* ButtonVC.swift */ = {isa = PBXFileReference; lastKnownFileType = sourcecode.swift; path = ButtonVC.swift; sourceTree = "<group>"; };
		1DAFA18B26C743B9008B6CB9 /* ButtonVC.xib */ = {isa = PBXFileReference; lastKnownFileType = file.xib; path = ButtonVC.xib; sourceTree = "<group>"; };
		1DAFA18F26C79DE6008B6CB9 /* IconImageCell.swift */ = {isa = PBXFileReference; lastKnownFileType = sourcecode.swift; path = IconImageCell.swift; sourceTree = "<group>"; };
		1DAFA19026C79DE6008B6CB9 /* IconImageCell.xib */ = {isa = PBXFileReference; lastKnownFileType = file.xib; path = IconImageCell.xib; sourceTree = "<group>"; };
		1DDF929726C85110008F7C96 /* IconImagePickerView.swift */ = {isa = PBXFileReference; lastKnownFileType = sourcecode.swift; path = IconImagePickerView.swift; sourceTree = "<group>"; };
		1DDFD31026C8FA5600E90F28 /* SwitchVC.swift */ = {isa = PBXFileReference; lastKnownFileType = sourcecode.swift; path = SwitchVC.swift; sourceTree = "<group>"; };
		1DDFD31126C8FA5600E90F28 /* SwitchVC.xib */ = {isa = PBXFileReference; lastKnownFileType = file.xib; path = SwitchVC.xib; sourceTree = "<group>"; };
		6AE22044DF50D7CAD3A50752 /* Pods_testnative.framework */ = {isa = PBXFileReference; explicitFileType = wrapper.framework; includeInIndex = 0; path = Pods_testnative.framework; sourceTree = BUILT_PRODUCTS_DIR; };
		B6FD577C1BCF2BFA56A0444A /* Pods-testnative.release.xcconfig */ = {isa = PBXFileReference; includeInIndex = 1; lastKnownFileType = text.xcconfig; name = "Pods-testnative.release.xcconfig"; path = "Target Support Files/Pods-testnative/Pods-testnative.release.xcconfig"; sourceTree = "<group>"; };
/* End PBXFileReference section */

/* Begin PBXFrameworksBuildPhase section */
		1D4440E426C3927000CFDB21 /* Frameworks */ = {
			isa = PBXFrameworksBuildPhase;
			buildActionMask = 2147483647;
			files = (
				43C0490922B74A9A890C9422 /* Pods_testnative.framework in Frameworks */,
			);
			runOnlyForDeploymentPostprocessing = 0;
		};
/* End PBXFrameworksBuildPhase section */

/* Begin PBXGroup section */
		1D22999526C71A60003A7FC4 /* Selection */ = {
			isa = PBXGroup;
			children = (
				1D22999626C71A75003A7FC4 /* SelectionCell.swift */,
				1D22999726C71A75003A7FC4 /* SelectionCell.xib */,
			);
			path = Selection;
			sourceTree = "<group>";
		};
		1D38BBF52707E26F00580723 /* ActivityIndicator */ = {
			isa = PBXGroup;
			children = (
				1D38BBF62707E29500580723 /* ActivityIndicatorVC.swift */,
				1D38BBF72707E29500580723 /* ActivityIndicatorVC.xib */,
			);
			path = ActivityIndicator;
			sourceTree = "<group>";
		};
		1D4440DE26C3927000CFDB21 = {
			isa = PBXGroup;
			children = (
				1D4440E926C3927000CFDB21 /* testnative */,
				1D4440E826C3927000CFDB21 /* Products */,
				E969992F6A6681B369847AD1 /* Pods */,
				4B8285FA6647E26C37EAD12E /* Frameworks */,
			);
			sourceTree = "<group>";
		};
		1D4440E826C3927000CFDB21 /* Products */ = {
			isa = PBXGroup;
			children = (
				1D4440E726C3927000CFDB21 /* testnative.app */,
			);
			name = Products;
			sourceTree = "<group>";
		};
		1D4440E926C3927000CFDB21 /* testnative */ = {
			isa = PBXGroup;
			children = (
				1D44411026C39E4600CFDB21 /* ViewModels */,
				1D44410926C39A4200CFDB21 /* Resources */,
				1D4440FE26C3973B00CFDB21 /* View+Controllers */,
				1D4440EA26C3927000CFDB21 /* AppDelegate.swift */,
				1D4440F326C3927100CFDB21 /* Assets.xcassets */,
				1D4440F526C3927100CFDB21 /* LaunchScreen.storyboard */,
				1D4440F826C3927100CFDB21 /* Info.plist */,
			);
			path = testnative;
			sourceTree = "<group>";
		};
		1D4440FE26C3973B00CFDB21 /* View+Controllers */ = {
			isa = PBXGroup;
			children = (
				1D44410C26C39DB300CFDB21 /* CustomComponents */,
				1D44410426C399E400CFDB21 /* Home */,
				1D4440FF26C3974900CFDB21 /* SplashScreen */,
			);
			path = "View+Controllers";
			sourceTree = "<group>";
		};
		1D4440FF26C3974900CFDB21 /* SplashScreen */ = {
			isa = PBXGroup;
			children = (
				1D44411926C3A61C00CFDB21 /* SplashScreenVC.swift */,
				1D44411A26C3A61C00CFDB21 /* SplashScreenVC.xib */,
			);
			path = SplashScreen;
			sourceTree = "<group>";
		};
		1D44410426C399E400CFDB21 /* Home */ = {
			isa = PBXGroup;
			children = (
				1D38BBF52707E26F00580723 /* ActivityIndicator */,
				1DDFD30F26C8FA2A00E90F28 /* Switch */,
				1D93642226C86A850081C9CF /* Slider */,
				1DAFA18926C7439A008B6CB9 /* Button */,
				1D62B53726C663A200D8041D /* TextField */,
				1D44411D26C3A6CF00CFDB21 /* Label */,
				1D44410526C399F100CFDB21 /* HomeVC.swift */,
				1D44410626C399F100CFDB21 /* HomeVC.xib */,
			);
			path = Home;
			sourceTree = "<group>";
		};
		1D44410926C39A4200CFDB21 /* Resources */ = {
			isa = PBXGroup;
			children = (
				1D44410A26C39AAA00CFDB21 /* Constants.swift */,
			);
			path = Resources;
			sourceTree = "<group>";
		};
		1D44410C26C39DB300CFDB21 /* CustomComponents */ = {
			isa = PBXGroup;
			children = (
				1D62B53426C653C800D8041D /* Views */,
				1D60F3C526C4336A0017DDDA /* PickerViews */,
				1DAB680D26C3B20100DBA66A /* CollectionViews */,
				1D44411326C39F8600CFDB21 /* Cells */,
				1D44410D26C39DC500CFDB21 /* TableViews */,
			);
			path = CustomComponents;
			sourceTree = "<group>";
		};
		1D44410D26C39DC500CFDB21 /* TableViews */ = {
			isa = PBXGroup;
			children = (
				1D44410E26C39DE800CFDB21 /* MenuTableView.swift */,
			);
			path = TableViews;
			sourceTree = "<group>";
		};
		1D44411026C39E4600CFDB21 /* ViewModels */ = {
			isa = PBXGroup;
			children = (
				1D44411126C39E6400CFDB21 /* MenuViewModel.swift */,
			);
			path = ViewModels;
			sourceTree = "<group>";
		};
		1D44411326C39F8600CFDB21 /* Cells */ = {
			isa = PBXGroup;
			children = (
				1DAFA18E26C79DBF008B6CB9 /* IconImage */,
				1D22999526C71A60003A7FC4 /* Selection */,
				1DAB681026C3B29F00DBA66A /* Color */,
				1D44411826C39FCE00CFDB21 /* Menu */,
			);
			path = Cells;
			sourceTree = "<group>";
		};
		1D44411826C39FCE00CFDB21 /* Menu */ = {
			isa = PBXGroup;
			children = (
				1D44411426C39FC900CFDB21 /* MenuCell.swift */,
				1D44411526C39FC900CFDB21 /* MenuCell.xib */,
			);
			path = Menu;
			sourceTree = "<group>";
		};
		1D44411D26C3A6CF00CFDB21 /* Label */ = {
			isa = PBXGroup;
			children = (
				1D44411E26C3A6E300CFDB21 /* LabelVC.swift */,
				1D44411F26C3A6E300CFDB21 /* LabelVC.xib */,
			);
			path = Label;
			sourceTree = "<group>";
		};
		1D60F3C526C4336A0017DDDA /* PickerViews */ = {
			isa = PBXGroup;
			children = (
				1D38BBFA2707E5D600580723 /* ActivityIndicatorStylePickerView.swift */,
				1D6A5F8726C4DFCD00617EAD /* FontNamesPickerView.swift */,
				1DDF929726C85110008F7C96 /* IconImagePickerView.swift */,
			);
			path = PickerViews;
			sourceTree = "<group>";
		};
		1D62B53426C653C800D8041D /* Views */ = {
			isa = PBXGroup;
			children = (
				1D62B53526C653EF00D8041D /* DiagonalView.swift */,
			);
			path = Views;
			sourceTree = "<group>";
		};
		1D62B53726C663A200D8041D /* TextField */ = {
			isa = PBXGroup;
			children = (
				1D60F4DD26C6647F00644F65 /* TextFieldVC.swift */,
				1D60F4DE26C6647F00644F65 /* TextFieldVC.xib */,
			);
			path = TextField;
			sourceTree = "<group>";
		};
		1D93642226C86A850081C9CF /* Slider */ = {
			isa = PBXGroup;
			children = (
				1D93642426C86AA40081C9CF /* SliderVC.swift */,
				1D93642526C86AA40081C9CF /* SliderVC.xib */,
			);
			path = Slider;
			sourceTree = "<group>";
		};
		1DAB680D26C3B20100DBA66A /* CollectionViews */ = {
			isa = PBXGroup;
			children = (
				1DAB680E26C3B21800DBA66A /* ColorsCollectionView.swift */,
				1D22999326C719AE003A7FC4 /* SelectionCollectionView.swift */,
			);
			path = CollectionViews;
			sourceTree = "<group>";
		};
		1DAB681026C3B29F00DBA66A /* Color */ = {
			isa = PBXGroup;
			children = (
				1DAB681126C3B2B500DBA66A /* ColorCell.swift */,
				1DAB681226C3B2B500DBA66A /* ColorCell.xib */,
			);
			path = Color;
			sourceTree = "<group>";
		};
		1DAFA18926C7439A008B6CB9 /* Button */ = {
			isa = PBXGroup;
			children = (
				1DAFA18A26C743B9008B6CB9 /* ButtonVC.swift */,
				1DAFA18B26C743B9008B6CB9 /* ButtonVC.xib */,
			);
			path = Button;
			sourceTree = "<group>";
		};
		1DAFA18E26C79DBF008B6CB9 /* IconImage */ = {
			isa = PBXGroup;
			children = (
				1DAFA18F26C79DE6008B6CB9 /* IconImageCell.swift */,
				1DAFA19026C79DE6008B6CB9 /* IconImageCell.xib */,
			);
			path = IconImage;
			sourceTree = "<group>";
		};
		1DDFD30F26C8FA2A00E90F28 /* Switch */ = {
			isa = PBXGroup;
			children = (
				1DDFD31026C8FA5600E90F28 /* SwitchVC.swift */,
				1DDFD31126C8FA5600E90F28 /* SwitchVC.xib */,
			);
			path = Switch;
			sourceTree = "<group>";
		};
		4B8285FA6647E26C37EAD12E /* Frameworks */ = {
			isa = PBXGroup;
			children = (
				6AE22044DF50D7CAD3A50752 /* Pods_testnative.framework */,
			);
			name = Frameworks;
			sourceTree = "<group>";
		};
		E969992F6A6681B369847AD1 /* Pods */ = {
			isa = PBXGroup;
			children = (
				116DDA4FA49A3676302631D9 /* Pods-testnative.debug.xcconfig */,
				B6FD577C1BCF2BFA56A0444A /* Pods-testnative.release.xcconfig */,
			);
			path = Pods;
			sourceTree = "<group>";
		};
/* End PBXGroup section */

/* Begin PBXNativeTarget section */
		1D4440E626C3927000CFDB21 /* testnative */ = {
			isa = PBXNativeTarget;
			buildConfigurationList = 1D4440FB26C3927100CFDB21 /* Build configuration list for PBXNativeTarget "testnative" */;
			buildPhases = (
				1190935EEF898BC4CD405F06 /* [CP] Check Pods Manifest.lock */,
				1D4440E326C3927000CFDB21 /* Sources */,
				1D4440E426C3927000CFDB21 /* Frameworks */,
				1D4440E526C3927000CFDB21 /* Resources */,
			);
			buildRules = (
			);
			dependencies = (
			);
			name = testnative;
			productName = testnative;
			productReference = 1D4440E726C3927000CFDB21 /* testnative.app */;
			productType = "com.apple.product-type.application";
		};
/* End PBXNativeTarget section */

/* Begin PBXProject section */
		1D4440DF26C3927000CFDB21 /* Project object */ = {
			isa = PBXProject;
			attributes = {
				LastSwiftUpdateCheck = 1250;
				LastUpgradeCheck = 1250;
				TargetAttributes = {
					1D4440E626C3927000CFDB21 = {
						CreatedOnToolsVersion = 12.5.1;
					};
				};
			};
			buildConfigurationList = 1D4440E226C3927000CFDB21 /* Build configuration list for PBXProject "testnative" */;
			compatibilityVersion = "Xcode 9.3";
			developmentRegion = en;
			hasScannedForEncodings = 0;
			knownRegions = (
				en,
				Base,
			);
			mainGroup = 1D4440DE26C3927000CFDB21;
			productRefGroup = 1D4440E826C3927000CFDB21 /* Products */;
			projectDirPath = "";
			projectRoot = "";
			targets = (
				1D4440E626C3927000CFDB21 /* testnative */,
			);
		};
/* End PBXProject section */

/* Begin PBXResourcesBuildPhase section */
		1D4440E526C3927000CFDB21 /* Resources */ = {
			isa = PBXResourcesBuildPhase;
			buildActionMask = 2147483647;
			files = (
				1D4440F726C3927100CFDB21 /* LaunchScreen.storyboard in Resources */,
				1D44410826C399F100CFDB21 /* HomeVC.xib in Resources */,
				1D60F4E026C6647F00644F65 /* TextFieldVC.xib in Resources */,
				1D44411726C39FC900CFDB21 /* MenuCell.xib in Resources */,
				1DAFA19226C79DE6008B6CB9 /* IconImageCell.xib in Resources */,
				1D22999926C71A75003A7FC4 /* SelectionCell.xib in Resources */,
				1D4440F426C3927100CFDB21 /* Assets.xcassets in Resources */,
				1DDFD31326C8FA5600E90F28 /* SwitchVC.xib in Resources */,
				1D44411C26C3A61C00CFDB21 /* SplashScreenVC.xib in Resources */,
				1D44412126C3A6E300CFDB21 /* LabelVC.xib in Resources */,
				1D93642726C86AA40081C9CF /* SliderVC.xib in Resources */,
				1D38BBF92707E29500580723 /* ActivityIndicatorVC.xib in Resources */,
				1DAFA18D26C743B9008B6CB9 /* ButtonVC.xib in Resources */,
				1DAB681426C3B2B500DBA66A /* ColorCell.xib in Resources */,
			);
			runOnlyForDeploymentPostprocessing = 0;
		};
/* End PBXResourcesBuildPhase section */

/* Begin PBXShellScriptBuildPhase section */
		1190935EEF898BC4CD405F06 /* [CP] Check Pods Manifest.lock */ = {
			isa = PBXShellScriptBuildPhase;
			buildActionMask = 2147483647;
			files = (
			);
			inputFileListPaths = (
			);
			inputPaths = (
				"${PODS_PODFILE_DIR_PATH}/Podfile.lock",
				"${PODS_ROOT}/Manifest.lock",
			);
			name = "[CP] Check Pods Manifest.lock";
			outputFileListPaths = (
			);
			outputPaths = (
				"$(DERIVED_FILE_DIR)/Pods-testnative-checkManifestLockResult.txt",
			);
			runOnlyForDeploymentPostprocessing = 0;
			shellPath = /bin/sh;
			shellScript = "diff \"${PODS_PODFILE_DIR_PATH}/Podfile.lock\" \"${PODS_ROOT}/Manifest.lock\" > /dev/null\nif [ $? != 0 ] ; then\n    # print error to STDERR\n    echo \"error: The sandbox is not in sync with the Podfile.lock. Run 'pod install' or update your CocoaPods installation.\" >&2\n    exit 1\nfi\n# This output is used by Xcode 'outputs' to avoid re-running this script phase.\necho \"SUCCESS\" > \"${SCRIPT_OUTPUT_FILE_0}\"\n";
			showEnvVarsInLog = 0;
		};
/* End PBXShellScriptBuildPhase section */

/* Begin PBXSourcesBuildPhase section */
		1D4440E326C3927000CFDB21 /* Sources */ = {
			isa = PBXSourcesBuildPhase;
			buildActionMask = 2147483647;
			files = (
				1DDFD31226C8FA5600E90F28 /* SwitchVC.swift in Sources */,
				1D38BBFB2707E5D600580723 /* ActivityIndicatorStylePickerView.swift in Sources */,
				1D44411626C39FC900CFDB21 /* MenuCell.swift in Sources */,
				1D60F4DF26C6647F00644F65 /* TextFieldVC.swift in Sources */,
				1D22999826C71A75003A7FC4 /* SelectionCell.swift in Sources */,
				1D44412026C3A6E300CFDB21 /* LabelVC.swift in Sources */,
				1DAFA19126C79DE6008B6CB9 /* IconImageCell.swift in Sources */,
				1D22999426C719AE003A7FC4 /* SelectionCollectionView.swift in Sources */,
				1D38BBF82707E29500580723 /* ActivityIndicatorVC.swift in Sources */,
				1D93642626C86AA40081C9CF /* SliderVC.swift in Sources */,
				1D44410F26C39DE800CFDB21 /* MenuTableView.swift in Sources */,
				1DAB681326C3B2B500DBA66A /* ColorCell.swift in Sources */,
				1D44411B26C3A61C00CFDB21 /* SplashScreenVC.swift in Sources */,
				1D44410726C399F100CFDB21 /* HomeVC.swift in Sources */,
				1D4440EB26C3927000CFDB21 /* AppDelegate.swift in Sources */,
				1D62B53626C653EF00D8041D /* DiagonalView.swift in Sources */,
				1D44411226C39E6400CFDB21 /* MenuViewModel.swift in Sources */,
				1DDF929826C85110008F7C96 /* IconImagePickerView.swift in Sources */,
				1D6A5F8826C4DFCD00617EAD /* FontNamesPickerView.swift in Sources */,
				1DAB680F26C3B21800DBA66A /* ColorsCollectionView.swift in Sources */,
				1DAFA18C26C743B9008B6CB9 /* ButtonVC.swift in Sources */,
				1D44410B26C39AAA00CFDB21 /* Constants.swift in Sources */,
			);
			runOnlyForDeploymentPostprocessing = 0;
		};
/* End PBXSourcesBuildPhase section */

/* Begin PBXVariantGroup section */
		1D4440F526C3927100CFDB21 /* LaunchScreen.storyboard */ = {
			isa = PBXVariantGroup;
			children = (
				1D4440F626C3927100CFDB21 /* Base */,
			);
			name = LaunchScreen.storyboard;
			sourceTree = "<group>";
		};
/* End PBXVariantGroup section */

/* Begin XCBuildConfiguration section */
		1D4440F926C3927100CFDB21 /* Debug */ = {
			isa = XCBuildConfiguration;
			buildSettings = {
				ALWAYS_SEARCH_USER_PATHS = NO;
				CLANG_ANALYZER_NONNULL = YES;
				CLANG_ANALYZER_NUMBER_OBJECT_CONVERSION = YES_AGGRESSIVE;
				CLANG_CXX_LANGUAGE_STANDARD = "gnu++14";
				CLANG_CXX_LIBRARY = "libc++";
				CLANG_ENABLE_MODULES = YES;
				CLANG_ENABLE_OBJC_ARC = YES;
				CLANG_ENABLE_OBJC_WEAK = YES;
				CLANG_WARN_BLOCK_CAPTURE_AUTORELEASING = YES;
				CLANG_WARN_BOOL_CONVERSION = YES;
				CLANG_WARN_COMMA = YES;
				CLANG_WARN_CONSTANT_CONVERSION = YES;
				CLANG_WARN_DEPRECATED_OBJC_IMPLEMENTATIONS = YES;
				CLANG_WARN_DIRECT_OBJC_ISA_USAGE = YES_ERROR;
				CLANG_WARN_DOCUMENTATION_COMMENTS = YES;
				CLANG_WARN_EMPTY_BODY = YES;
				CLANG_WARN_ENUM_CONVERSION = YES;
				CLANG_WARN_INFINITE_RECURSION = YES;
				CLANG_WARN_INT_CONVERSION = YES;
				CLANG_WARN_NON_LITERAL_NULL_CONVERSION = YES;
				CLANG_WARN_OBJC_IMPLICIT_RETAIN_SELF = YES;
				CLANG_WARN_OBJC_LITERAL_CONVERSION = YES;
				CLANG_WARN_OBJC_ROOT_CLASS = YES_ERROR;
				CLANG_WARN_QUOTED_INCLUDE_IN_FRAMEWORK_HEADER = YES;
				CLANG_WARN_RANGE_LOOP_ANALYSIS = YES;
				CLANG_WARN_STRICT_PROTOTYPES = YES;
				CLANG_WARN_SUSPICIOUS_MOVE = YES;
				CLANG_WARN_UNGUARDED_AVAILABILITY = YES_AGGRESSIVE;
				CLANG_WARN_UNREACHABLE_CODE = YES;
				CLANG_WARN__DUPLICATE_METHOD_MATCH = YES;
				COPY_PHASE_STRIP = NO;
				DEBUG_INFORMATION_FORMAT = dwarf;
				ENABLE_STRICT_OBJC_MSGSEND = YES;
				ENABLE_TESTABILITY = YES;
				GCC_C_LANGUAGE_STANDARD = gnu11;
				GCC_DYNAMIC_NO_PIC = NO;
				GCC_NO_COMMON_BLOCKS = YES;
				GCC_OPTIMIZATION_LEVEL = 0;
				GCC_PREPROCESSOR_DEFINITIONS = (
					"DEBUG=1",
					"$(inherited)",
				);
				GCC_WARN_64_TO_32_BIT_CONVERSION = YES;
				GCC_WARN_ABOUT_RETURN_TYPE = YES_ERROR;
				GCC_WARN_UNDECLARED_SELECTOR = YES;
				GCC_WARN_UNINITIALIZED_AUTOS = YES_AGGRESSIVE;
				GCC_WARN_UNUSED_FUNCTION = YES;
				GCC_WARN_UNUSED_VARIABLE = YES;
				IPHONEOS_DEPLOYMENT_TARGET = 14.5;
				MTL_ENABLE_DEBUG_INFO = INCLUDE_SOURCE;
				MTL_FAST_MATH = YES;
				ONLY_ACTIVE_ARCH = YES;
				SDKROOT = iphoneos;
				SWIFT_ACTIVE_COMPILATION_CONDITIONS = DEBUG;
				SWIFT_OPTIMIZATION_LEVEL = "-Onone";
			};
			name = Debug;
		};
		1D4440FA26C3927100CFDB21 /* Release */ = {
			isa = XCBuildConfiguration;
			buildSettings = {
				ALWAYS_SEARCH_USER_PATHS = NO;
				CLANG_ANALYZER_NONNULL = YES;
				CLANG_ANALYZER_NUMBER_OBJECT_CONVERSION = YES_AGGRESSIVE;
				CLANG_CXX_LANGUAGE_STANDARD = "gnu++14";
				CLANG_CXX_LIBRARY = "libc++";
				CLANG_ENABLE_MODULES = YES;
				CLANG_ENABLE_OBJC_ARC = YES;
				CLANG_ENABLE_OBJC_WEAK = YES;
				CLANG_WARN_BLOCK_CAPTURE_AUTORELEASING = YES;
				CLANG_WARN_BOOL_CONVERSION = YES;
				CLANG_WARN_COMMA = YES;
				CLANG_WARN_CONSTANT_CONVERSION = YES;
				CLANG_WARN_DEPRECATED_OBJC_IMPLEMENTATIONS = YES;
				CLANG_WARN_DIRECT_OBJC_ISA_USAGE = YES_ERROR;
				CLANG_WARN_DOCUMENTATION_COMMENTS = YES;
				CLANG_WARN_EMPTY_BODY = YES;
				CLANG_WARN_ENUM_CONVERSION = YES;
				CLANG_WARN_INFINITE_RECURSION = YES;
				CLANG_WARN_INT_CONVERSION = YES;
				CLANG_WARN_NON_LITERAL_NULL_CONVERSION = YES;
				CLANG_WARN_OBJC_IMPLICIT_RETAIN_SELF = YES;
				CLANG_WARN_OBJC_LITERAL_CONVERSION = YES;
				CLANG_WARN_OBJC_ROOT_CLASS = YES_ERROR;
				CLANG_WARN_QUOTED_INCLUDE_IN_FRAMEWORK_HEADER = YES;
				CLANG_WARN_RANGE_LOOP_ANALYSIS = YES;
				CLANG_WARN_STRICT_PROTOTYPES = YES;
				CLANG_WARN_SUSPICIOUS_MOVE = YES;
				CLANG_WARN_UNGUARDED_AVAILABILITY = YES_AGGRESSIVE;
				CLANG_WARN_UNREACHABLE_CODE = YES;
				CLANG_WARN__DUPLICATE_METHOD_MATCH = YES;
				COPY_PHASE_STRIP = NO;
				DEBUG_INFORMATION_FORMAT = "dwarf-with-dsym";
				ENABLE_NS_ASSERTIONS = NO;
				ENABLE_STRICT_OBJC_MSGSEND = YES;
				GCC_C_LANGUAGE_STANDARD = gnu11;
				GCC_NO_COMMON_BLOCKS = YES;
				GCC_WARN_64_TO_32_BIT_CONVERSION = YES;
				GCC_WARN_ABOUT_RETURN_TYPE = YES_ERROR;
				GCC_WARN_UNDECLARED_SELECTOR = YES;
				GCC_WARN_UNINITIALIZED_AUTOS = YES_AGGRESSIVE;
				GCC_WARN_UNUSED_FUNCTION = YES;
				GCC_WARN_UNUSED_VARIABLE = YES;
				IPHONEOS_DEPLOYMENT_TARGET = 14.5;
				MTL_ENABLE_DEBUG_INFO = NO;
				MTL_FAST_MATH = YES;
				SDKROOT = iphoneos;
				SWIFT_COMPILATION_MODE = wholemodule;
				SWIFT_OPTIMIZATION_LEVEL = "-O";
				VALIDATE_PRODUCT = YES;
			};
			name = Release;
		};
		1D4440FC26C3927100CFDB21 /* Debug */ = {
			isa = XCBuildConfiguration;
			baseConfigurationReference = 116DDA4FA49A3676302631D9 /* Pods-testnative.debug.xcconfig */;
			buildSettings = {
				ASSETCATALOG_COMPILER_APPICON_NAME = AppIcon;
				ASSETCATALOG_COMPILER_GLOBAL_ACCENT_COLOR_NAME = AccentColor;
				CODE_SIGN_STYLE = Automatic;
				DEVELOPMENT_TEAM = R86YR98C9Q;
				INFOPLIST_FILE = testnative/Info.plist;
				LD_RUNPATH_SEARCH_PATHS = (
					"$(inherited)",
					"@executable_path/Frameworks",
				);
				PRODUCT_BUNDLE_IDENTIFIER = com.ricardogranja.testnative;
				PRODUCT_NAME = "$(TARGET_NAME)";
				SWIFT_VERSION = 5.0;
				TARGETED_DEVICE_FAMILY = "1,2";
			};
			name = Debug;
		};
		1D4440FD26C3927100CFDB21 /* Release */ = {
			isa = XCBuildConfiguration;
			baseConfigurationReference = B6FD577C1BCF2BFA56A0444A /* Pods-testnative.release.xcconfig */;
			buildSettings = {
				ASSETCATALOG_COMPILER_APPICON_NAME = AppIcon;
				ASSETCATALOG_COMPILER_GLOBAL_ACCENT_COLOR_NAME = AccentColor;
				CODE_SIGN_STYLE = Automatic;
				DEVELOPMENT_TEAM = R86YR98C9Q;
				INFOPLIST_FILE = testnative/Info.plist;
				LD_RUNPATH_SEARCH_PATHS = (
					"$(inherited)",
					"@executable_path/Frameworks",
				);
				PRODUCT_BUNDLE_IDENTIFIER = com.ricardogranja.testnative;
				PRODUCT_NAME = "$(TARGET_NAME)";
				SWIFT_VERSION = 5.0;
				TARGETED_DEVICE_FAMILY = "1,2";
			};
			name = Release;
		};
/* End XCBuildConfiguration section */

/* Begin XCConfigurationList section */
		1D4440E226C3927000CFDB21 /* Build configuration list for PBXProject "testnative" */ = {
			isa = XCConfigurationList;
			buildConfigurations = (
				1D4440F926C3927100CFDB21 /* Debug */,
				1D4440FA26C3927100CFDB21 /* Release */,
			);
			defaultConfigurationIsVisible = 0;
			defaultConfigurationName = Release;
		};
		1D4440FB26C3927100CFDB21 /* Build configuration list for PBXNativeTarget "testnative" */ = {
			isa = XCConfigurationList;
			buildConfigurations = (
				1D4440FC26C3927100CFDB21 /* Debug */,
				1D4440FD26C3927100CFDB21 /* Release */,
			);
			defaultConfigurationIsVisible = 0;
			defaultConfigurationName = Release;
		};
/* End XCConfigurationList section */
	};
	rootObject = 1D4440DF26C3927000CFDB21 /* Project object */;
}
